
Microsoft Visual Studio Solution File, Format Version 12.00
# Visual Studio 15
VisualStudioVersion = 15.0.26730.3
MinimumVisualStudioVersion = 10.0.40219.1
Project("{FAE04EC0-301F-11D3-BF4B-00C04F79EFBC}") = "BashSoftProgram", "BashSoftProgram\BashSoftProgram.csproj", "{1158AC14-568C-4E45-8490-855619348DC7}"
EndProject
Project("{FAE04EC0-301F-11D3-BF4B-00C04F79EFBC}") = "BashSoftTesting", "BashSoftTesting\BashSoftTesting.csproj", "{2F9098A9-922C-46E0-B573-72C2D2A920C7}"
EndProject
Global
	GlobalSection(SolutionConfigurationPlatforms) = preSolution
		Debug|Any CPU = Debug|Any CPU
		Release|Any CPU = Release|Any CPU
	EndGlobalSection
	GlobalSection(ProjectConfigurationPlatforms) = postSolution
		{1158AC14-568C-4E45-8490-855619348DC7}.Debug|Any CPU.ActiveCfg = Debug|Any CPU
		{1158AC14-568C-4E45-8490-855619348DC7}.Debug|Any CPU.Build.0 = Debug|Any CPU
		{1158AC14-568C-4E45-8490-855619348DC7}.Release|Any CPU.ActiveCfg = Release|Any CPU
		{1158AC14-568C-4E45-8490-855619348DC7}.Release|Any CPU.Build.0 = Release|Any CPU
		{2F9098A9-922C-46E0-B573-72C2D2A920C7}.Debug|Any CPU.ActiveCfg = Debug|Any CPU
		{2F9098A9-922C-46E0-B573-72C2D2A920C7}.Debug|Any CPU.Build.0 = Debug|Any CPU
		{2F9098A9-922C-46E0-B573-72C2D2A920C7}.Release|Any CPU.ActiveCfg = Release|Any CPU
		{2F9098A9-922C-46E0-B573-72C2D2A920C7}.Release|Any CPU.Build.0 = Release|Any CPU
	EndGlobalSection
	GlobalSection(SolutionProperties) = preSolution
		HideSolutionNode = FALSE
	EndGlobalSection
	GlobalSection(ExtensibilityGlobals) = postSolution
		SolutionGuid = {06D05E6F-3C21-4804-BF99-9365791E399D}
	EndGlobalSection
EndGlobal
