
Microsoft Visual Studio Solution File, Format Version 12.00
# Visual Studio 15
VisualStudioVersion = 15.0.27703.2035
MinimumVisualStudioVersion = 10.0.40219.1
Project("{FAE04EC0-301F-11D3-BF4B-00C04F79EFBC}") = "WebServer", "WebServer\WebServer.csproj", "{138AB785-DAEA-42F1-A6FC-668F08EAE30D}"
EndProject
Global
	GlobalSection(SolutionConfigurationPlatforms) = preSolution
		Debug|Any CPU = Debug|Any CPU
		Release|Any CPU = Release|Any CPU
	EndGlobalSection
	GlobalSection(ProjectConfigurationPlatforms) = postSolution
		{138AB785-DAEA-42F1-A6FC-668F08EAE30D}.Debug|Any CPU.ActiveCfg = Debug|Any CPU
		{138AB785-DAEA-42F1-A6FC-668F08EAE30D}.Debug|Any CPU.Build.0 = Debug|Any CPU
		{138AB785-DAEA-42F1-A6FC-668F08EAE30D}.Release|Any CPU.ActiveCfg = Release|Any CPU
		{138AB785-DAEA-42F1-A6FC-668F08EAE30D}.Release|Any CPU.Build.0 = Release|Any CPU
	EndGlobalSection
	GlobalSection(SolutionProperties) = preSolution
		HideSolutionNode = FALSE
	EndGlobalSection
	GlobalSection(ExtensibilityGlobals) = postSolution
		SolutionGuid = {73EF6A77-F400-4C34-BC70-BA77C1F6D63F}
	EndGlobalSection
EndGlobal
