
Microsoft Visual Studio Solution File, Format Version 12.00
# Visual Studio 15
VisualStudioVersion = 15.0.27130.2010
MinimumVisualStudioVersion = 10.0.40219.1
Project("{9A19103F-16F7-4668-BE54-9A1E7A4F7556}") = "P01.Stealer", "P01.Stealer\P01.Stealer.csproj", "{9D5D8DB3-9872-4EB2-865D-555D49FA1580}"
EndProject
Project("{FAE04EC0-301F-11D3-BF4B-00C04F79EFBC}") = "P02.High_Quality_Mistakes", "P02.High_Quality_Mistakes\P02.High_Quality_Mistakes.csproj", "{33878455-987B-467B-9346-6B8B7C168643}"
EndProject
Project("{FAE04EC0-301F-11D3-BF4B-00C04F79EFBC}") = "P03.Mission_Private_Impossible", "P03.Mission_Private_Impossible\P03.Mission_Private_Impossible.csproj", "{88C92313-7E4D-4E9E-894D-2F05FF75A64F}"
EndProject
Project("{FAE04EC0-301F-11D3-BF4B-00C04F79EFBC}") = "P04.Collector", "P04.Collector\P04.Collector.csproj", "{C1A90C87-BE2D-457C-952C-B192778743AB}"
EndProject
Project("{FAE04EC0-301F-11D3-BF4B-00C04F79EFBC}") = "P05.Create_Attribute", "P05.Create_Attribute\P05.Create_Attribute.csproj", "{E979B7BF-D708-4D20-836F-ADE9A06536B3}"
EndProject
Project("{FAE04EC0-301F-11D3-BF4B-00C04F79EFBC}") = "P06.Coding_Tracker", "P06.Coding_Tracker\P06.Coding_Tracker.csproj", "{A16B293E-506A-451D-B7FA-4E9CC5282C0F}"
EndProject
Global
	GlobalSection(SolutionConfigurationPlatforms) = preSolution
		Debug|Any CPU = Debug|Any CPU
		Release|Any CPU = Release|Any CPU
	EndGlobalSection
	GlobalSection(ProjectConfigurationPlatforms) = postSolution
		{9D5D8DB3-9872-4EB2-865D-555D49FA1580}.Debug|Any CPU.ActiveCfg = Debug|Any CPU
		{9D5D8DB3-9872-4EB2-865D-555D49FA1580}.Debug|Any CPU.Build.0 = Debug|Any CPU
		{9D5D8DB3-9872-4EB2-865D-555D49FA1580}.Release|Any CPU.ActiveCfg = Release|Any CPU
		{9D5D8DB3-9872-4EB2-865D-555D49FA1580}.Release|Any CPU.Build.0 = Release|Any CPU
		{33878455-987B-467B-9346-6B8B7C168643}.Debug|Any CPU.ActiveCfg = Debug|Any CPU
		{33878455-987B-467B-9346-6B8B7C168643}.Debug|Any CPU.Build.0 = Debug|Any CPU
		{33878455-987B-467B-9346-6B8B7C168643}.Release|Any CPU.ActiveCfg = Release|Any CPU
		{33878455-987B-467B-9346-6B8B7C168643}.Release|Any CPU.Build.0 = Release|Any CPU
		{88C92313-7E4D-4E9E-894D-2F05FF75A64F}.Debug|Any CPU.ActiveCfg = Debug|Any CPU
		{88C92313-7E4D-4E9E-894D-2F05FF75A64F}.Debug|Any CPU.Build.0 = Debug|Any CPU
		{88C92313-7E4D-4E9E-894D-2F05FF75A64F}.Release|Any CPU.ActiveCfg = Release|Any CPU
		{88C92313-7E4D-4E9E-894D-2F05FF75A64F}.Release|Any CPU.Build.0 = Release|Any CPU
		{C1A90C87-BE2D-457C-952C-B192778743AB}.Debug|Any CPU.ActiveCfg = Debug|Any CPU
		{C1A90C87-BE2D-457C-952C-B192778743AB}.Debug|Any CPU.Build.0 = Debug|Any CPU
		{C1A90C87-BE2D-457C-952C-B192778743AB}.Release|Any CPU.ActiveCfg = Release|Any CPU
		{C1A90C87-BE2D-457C-952C-B192778743AB}.Release|Any CPU.Build.0 = Release|Any CPU
		{E979B7BF-D708-4D20-836F-ADE9A06536B3}.Debug|Any CPU.ActiveCfg = Debug|Any CPU
		{E979B7BF-D708-4D20-836F-ADE9A06536B3}.Debug|Any CPU.Build.0 = Debug|Any CPU
		{E979B7BF-D708-4D20-836F-ADE9A06536B3}.Release|Any CPU.ActiveCfg = Release|Any CPU
		{E979B7BF-D708-4D20-836F-ADE9A06536B3}.Release|Any CPU.Build.0 = Release|Any CPU
		{A16B293E-506A-451D-B7FA-4E9CC5282C0F}.Debug|Any CPU.ActiveCfg = Debug|Any CPU
		{A16B293E-506A-451D-B7FA-4E9CC5282C0F}.Debug|Any CPU.Build.0 = Debug|Any CPU
		{A16B293E-506A-451D-B7FA-4E9CC5282C0F}.Release|Any CPU.ActiveCfg = Release|Any CPU
		{A16B293E-506A-451D-B7FA-4E9CC5282C0F}.Release|Any CPU.Build.0 = Release|Any CPU
	EndGlobalSection
	GlobalSection(SolutionProperties) = preSolution
		HideSolutionNode = FALSE
	EndGlobalSection
	GlobalSection(ExtensibilityGlobals) = postSolution
		SolutionGuid = {0D8413E8-01A5-45B1-80FC-1222DE8E17E4}
	EndGlobalSection
EndGlobal
