
Microsoft Visual Studio Solution File, Format Version 12.00
# Visual Studio 15
VisualStudioVersion = 15.0.28307.136
MinimumVisualStudioVersion = 10.0.40219.1
Project("{FAE04EC0-301F-11D3-BF4B-00C04F79EFBC}") = "01.SumAndAverage", "01.SumAndAverage\01.SumAndAverage.csproj", "{745A512A-372D-4181-81EF-3297875C541B}"
EndProject
Project("{FAE04EC0-301F-11D3-BF4B-00C04F79EFBC}") = "02.SortWords", "02.SortWords\02.SortWords.csproj", "{F5405F2D-DEDA-4557-9274-A05F25E27191}"
EndProject
Project("{FAE04EC0-301F-11D3-BF4B-00C04F79EFBC}") = "03.LongestSubsequence", "03.LongestSubsequence\03.LongestSubsequence.csproj", "{CE8D1B73-C613-4872-887C-49599147157C}"
EndProject
Project("{9A19103F-16F7-4668-BE54-9A1E7A4F7556}") = "04.RemoveOddOccurrences", "04.RemoveOddOccurrences\04.RemoveOddOccurrences.csproj", "{8AF30C47-5D9D-4256-A415-51A5968D843C}"
EndProject
Project("{9A19103F-16F7-4668-BE54-9A1E7A4F7556}") = "05.CountOfOccurrences", "05.CountOfOccurrences\05.CountOfOccurrences.csproj", "{7F1B0DB6-B4FC-4AC5-AD5D-9B6407F16632}"
EndProject
Project("{FAE04EC0-301F-11D3-BF4B-00C04F79EFBC}") = "06.ReversedList", "06.ReversedList\06.ReversedList.csproj", "{3066366D-0B48-4DFD-A609-912E4A8EA350}"
EndProject
Project("{FAE04EC0-301F-11D3-BF4B-00C04F79EFBC}") = "DoublyLinkedList", "07.DoublyLinkedList\DoublyLinkedList\DoublyLinkedList.csproj", "{2CB50F92-35AF-47E5-BA6F-02446AACD536}"
EndProject
Project("{FAE04EC0-301F-11D3-BF4B-00C04F79EFBC}") = "DoublyLinkedList.Tests", "07.DoublyLinkedList\DoublyLinkedList.Tests\DoublyLinkedList.Tests.csproj", "{D852AD35-E7FC-499B-A913-11479BB76674}"
EndProject
Global
	GlobalSection(SolutionConfigurationPlatforms) = preSolution
		Debug|Any CPU = Debug|Any CPU
		Release|Any CPU = Release|Any CPU
	EndGlobalSection
	GlobalSection(ProjectConfigurationPlatforms) = postSolution
		{745A512A-372D-4181-81EF-3297875C541B}.Debug|Any CPU.ActiveCfg = Debug|Any CPU
		{745A512A-372D-4181-81EF-3297875C541B}.Debug|Any CPU.Build.0 = Debug|Any CPU
		{745A512A-372D-4181-81EF-3297875C541B}.Release|Any CPU.ActiveCfg = Release|Any CPU
		{745A512A-372D-4181-81EF-3297875C541B}.Release|Any CPU.Build.0 = Release|Any CPU
		{F5405F2D-DEDA-4557-9274-A05F25E27191}.Debug|Any CPU.ActiveCfg = Debug|Any CPU
		{F5405F2D-DEDA-4557-9274-A05F25E27191}.Debug|Any CPU.Build.0 = Debug|Any CPU
		{F5405F2D-DEDA-4557-9274-A05F25E27191}.Release|Any CPU.ActiveCfg = Release|Any CPU
		{F5405F2D-DEDA-4557-9274-A05F25E27191}.Release|Any CPU.Build.0 = Release|Any CPU
		{CE8D1B73-C613-4872-887C-49599147157C}.Debug|Any CPU.ActiveCfg = Debug|Any CPU
		{CE8D1B73-C613-4872-887C-49599147157C}.Debug|Any CPU.Build.0 = Debug|Any CPU
		{CE8D1B73-C613-4872-887C-49599147157C}.Release|Any CPU.ActiveCfg = Release|Any CPU
		{CE8D1B73-C613-4872-887C-49599147157C}.Release|Any CPU.Build.0 = Release|Any CPU
		{8AF30C47-5D9D-4256-A415-51A5968D843C}.Debug|Any CPU.ActiveCfg = Debug|Any CPU
		{8AF30C47-5D9D-4256-A415-51A5968D843C}.Debug|Any CPU.Build.0 = Debug|Any CPU
		{8AF30C47-5D9D-4256-A415-51A5968D843C}.Release|Any CPU.ActiveCfg = Release|Any CPU
		{8AF30C47-5D9D-4256-A415-51A5968D843C}.Release|Any CPU.Build.0 = Release|Any CPU
		{7F1B0DB6-B4FC-4AC5-AD5D-9B6407F16632}.Debug|Any CPU.ActiveCfg = Debug|Any CPU
		{7F1B0DB6-B4FC-4AC5-AD5D-9B6407F16632}.Debug|Any CPU.Build.0 = Debug|Any CPU
		{7F1B0DB6-B4FC-4AC5-AD5D-9B6407F16632}.Release|Any CPU.ActiveCfg = Release|Any CPU
		{7F1B0DB6-B4FC-4AC5-AD5D-9B6407F16632}.Release|Any CPU.Build.0 = Release|Any CPU
		{3066366D-0B48-4DFD-A609-912E4A8EA350}.Debug|Any CPU.ActiveCfg = Debug|Any CPU
		{3066366D-0B48-4DFD-A609-912E4A8EA350}.Debug|Any CPU.Build.0 = Debug|Any CPU
		{3066366D-0B48-4DFD-A609-912E4A8EA350}.Release|Any CPU.ActiveCfg = Release|Any CPU
		{3066366D-0B48-4DFD-A609-912E4A8EA350}.Release|Any CPU.Build.0 = Release|Any CPU
		{2CB50F92-35AF-47E5-BA6F-02446AACD536}.Debug|Any CPU.ActiveCfg = Debug|Any CPU
		{2CB50F92-35AF-47E5-BA6F-02446AACD536}.Debug|Any CPU.Build.0 = Debug|Any CPU
		{2CB50F92-35AF-47E5-BA6F-02446AACD536}.Release|Any CPU.ActiveCfg = Release|Any CPU
		{2CB50F92-35AF-47E5-BA6F-02446AACD536}.Release|Any CPU.Build.0 = Release|Any CPU
		{D852AD35-E7FC-499B-A913-11479BB76674}.Debug|Any CPU.ActiveCfg = Debug|Any CPU
		{D852AD35-E7FC-499B-A913-11479BB76674}.Debug|Any CPU.Build.0 = Debug|Any CPU
		{D852AD35-E7FC-499B-A913-11479BB76674}.Release|Any CPU.ActiveCfg = Release|Any CPU
		{D852AD35-E7FC-499B-A913-11479BB76674}.Release|Any CPU.Build.0 = Release|Any CPU
	EndGlobalSection
	GlobalSection(SolutionProperties) = preSolution
		HideSolutionNode = FALSE
	EndGlobalSection
	GlobalSection(ExtensibilityGlobals) = postSolution
		SolutionGuid = {14E1F8F9-C713-4B65-8634-CFF4F6308CEA}
	EndGlobalSection
EndGlobal
