
Microsoft Visual Studio Solution File, Format Version 12.00
# Visual Studio 15
VisualStudioVersion = 15.0.27703.2035
MinimumVisualStudioVersion = 10.0.40219.1
Project("{9A19103F-16F7-4668-BE54-9A1E7A4F7556}") = "P01_StudentSystem", "P01_StudentSystem\P01_StudentSystem.csproj", "{625A63EB-4695-4C28-A7A0-86E3121D64C4}"
EndProject
Project("{FAE04EC0-301F-11D3-BF4B-00C04F79EFBC}") = "P03_FootballBetting", "P03_FootballBetting\P03_FootballBetting.csproj", "{BD7A4C89-74C8-44B3-9AC9-AAB92099F8C4}"
EndProject
Global
	GlobalSection(SolutionConfigurationPlatforms) = preSolution
		Debug|Any CPU = Debug|Any CPU
		Release|Any CPU = Release|Any CPU
	EndGlobalSection
	GlobalSection(ProjectConfigurationPlatforms) = postSolution
		{625A63EB-4695-4C28-A7A0-86E3121D64C4}.Debug|Any CPU.ActiveCfg = Debug|Any CPU
		{625A63EB-4695-4C28-A7A0-86E3121D64C4}.Debug|Any CPU.Build.0 = Debug|Any CPU
		{625A63EB-4695-4C28-A7A0-86E3121D64C4}.Release|Any CPU.ActiveCfg = Release|Any CPU
		{625A63EB-4695-4C28-A7A0-86E3121D64C4}.Release|Any CPU.Build.0 = Release|Any CPU
		{BD7A4C89-74C8-44B3-9AC9-AAB92099F8C4}.Debug|Any CPU.ActiveCfg = Debug|Any CPU
		{BD7A4C89-74C8-44B3-9AC9-AAB92099F8C4}.Debug|Any CPU.Build.0 = Debug|Any CPU
		{BD7A4C89-74C8-44B3-9AC9-AAB92099F8C4}.Release|Any CPU.ActiveCfg = Release|Any CPU
		{BD7A4C89-74C8-44B3-9AC9-AAB92099F8C4}.Release|Any CPU.Build.0 = Release|Any CPU
	EndGlobalSection
	GlobalSection(SolutionProperties) = preSolution
		HideSolutionNode = FALSE
	EndGlobalSection
	GlobalSection(ExtensibilityGlobals) = postSolution
		SolutionGuid = {84F8FEE4-6BA5-413D-80F6-9A7129039DC3}
	EndGlobalSection
EndGlobal
