
Microsoft Visual Studio Solution File, Format Version 12.00
# Visual Studio 15
VisualStudioVersion = 15.0.28010.2026
MinimumVisualStudioVersion = 10.0.40219.1
Project("{9A19103F-16F7-4668-BE54-9A1E7A4F7556}") = "CHUSHKA.Web", "CHUSHKA.Web\CHUSHKA.Web.csproj", "{2FF54EC9-712B-4F5B-A938-AD2A6AA43568}"
EndProject
Project("{9A19103F-16F7-4668-BE54-9A1E7A4F7556}") = "CHUSHKA.Data", "CHUSHKA.Data\CHUSHKA.Data.csproj", "{976D1B3C-3EBF-4E27-BA1A-663BC322F018}"
EndProject
Project("{9A19103F-16F7-4668-BE54-9A1E7A4F7556}") = "CHUSHKA.Models", "CHUSHKA.Models\CHUSHKA.Models.csproj", "{C4776CDD-6D2D-4855-B85C-723212A9CC5F}"
EndProject
Global
	GlobalSection(SolutionConfigurationPlatforms) = preSolution
		Debug|Any CPU = Debug|Any CPU
		Release|Any CPU = Release|Any CPU
	EndGlobalSection
	GlobalSection(ProjectConfigurationPlatforms) = postSolution
		{2FF54EC9-712B-4F5B-A938-AD2A6AA43568}.Debug|Any CPU.ActiveCfg = Debug|Any CPU
		{2FF54EC9-712B-4F5B-A938-AD2A6AA43568}.Debug|Any CPU.Build.0 = Debug|Any CPU
		{2FF54EC9-712B-4F5B-A938-AD2A6AA43568}.Release|Any CPU.ActiveCfg = Release|Any CPU
		{2FF54EC9-712B-4F5B-A938-AD2A6AA43568}.Release|Any CPU.Build.0 = Release|Any CPU
		{976D1B3C-3EBF-4E27-BA1A-663BC322F018}.Debug|Any CPU.ActiveCfg = Debug|Any CPU
		{976D1B3C-3EBF-4E27-BA1A-663BC322F018}.Debug|Any CPU.Build.0 = Debug|Any CPU
		{976D1B3C-3EBF-4E27-BA1A-663BC322F018}.Release|Any CPU.ActiveCfg = Release|Any CPU
		{976D1B3C-3EBF-4E27-BA1A-663BC322F018}.Release|Any CPU.Build.0 = Release|Any CPU
		{C4776CDD-6D2D-4855-B85C-723212A9CC5F}.Debug|Any CPU.ActiveCfg = Debug|Any CPU
		{C4776CDD-6D2D-4855-B85C-723212A9CC5F}.Debug|Any CPU.Build.0 = Debug|Any CPU
		{C4776CDD-6D2D-4855-B85C-723212A9CC5F}.Release|Any CPU.ActiveCfg = Release|Any CPU
		{C4776CDD-6D2D-4855-B85C-723212A9CC5F}.Release|Any CPU.Build.0 = Release|Any CPU
	EndGlobalSection
	GlobalSection(SolutionProperties) = preSolution
		HideSolutionNode = FALSE
	EndGlobalSection
	GlobalSection(ExtensibilityGlobals) = postSolution
		SolutionGuid = {CC8F3600-04C4-4D7F-9160-B09208331A38}
	EndGlobalSection
EndGlobal
