
Microsoft Visual Studio Solution File, Format Version 12.00
# Visual Studio 15
VisualStudioVersion = 15.0.27130.2010
MinimumVisualStudioVersion = 10.0.40219.1
Project("{FAE04EC0-301F-11D3-BF4B-00C04F79EFBC}") = "01.Shapes", "01.Shapes\01.Shapes.csproj", "{D7C2807A-5E8B-49AE-A1CF-C0ADFD46F9E7}"
EndProject
Project("{FAE04EC0-301F-11D3-BF4B-00C04F79EFBC}") = "02.Cars", "02.Cars\02.Cars.csproj", "{60F89277-3D3B-446F-B18C-AA52FB2E9548}"
EndProject
Global
	GlobalSection(SolutionConfigurationPlatforms) = preSolution
		Debug|Any CPU = Debug|Any CPU
		Release|Any CPU = Release|Any CPU
	EndGlobalSection
	GlobalSection(ProjectConfigurationPlatforms) = postSolution
		{D7C2807A-5E8B-49AE-A1CF-C0ADFD46F9E7}.Debug|Any CPU.ActiveCfg = Debug|Any CPU
		{D7C2807A-5E8B-49AE-A1CF-C0ADFD46F9E7}.Debug|Any CPU.Build.0 = Debug|Any CPU
		{D7C2807A-5E8B-49AE-A1CF-C0ADFD46F9E7}.Release|Any CPU.ActiveCfg = Release|Any CPU
		{D7C2807A-5E8B-49AE-A1CF-C0ADFD46F9E7}.Release|Any CPU.Build.0 = Release|Any CPU
		{60F89277-3D3B-446F-B18C-AA52FB2E9548}.Debug|Any CPU.ActiveCfg = Debug|Any CPU
		{60F89277-3D3B-446F-B18C-AA52FB2E9548}.Debug|Any CPU.Build.0 = Debug|Any CPU
		{60F89277-3D3B-446F-B18C-AA52FB2E9548}.Release|Any CPU.ActiveCfg = Release|Any CPU
		{60F89277-3D3B-446F-B18C-AA52FB2E9548}.Release|Any CPU.Build.0 = Release|Any CPU
	EndGlobalSection
	GlobalSection(SolutionProperties) = preSolution
		HideSolutionNode = FALSE
	EndGlobalSection
	GlobalSection(ExtensibilityGlobals) = postSolution
		SolutionGuid = {7BD1FCB3-F7F1-41A1-9047-042A480CB06F}
	EndGlobalSection
EndGlobal
