
Microsoft Visual Studio Solution File, Format Version 12.00
# Visual Studio 15
VisualStudioVersion = 15.0.27130.2010
MinimumVisualStudioVersion = 10.0.40219.1
Project("{9A19103F-16F7-4668-BE54-9A1E7A4F7556}") = "P01.Database", "P01.Database\P01.Database.csproj", "{762F1EC4-280F-4184-B0C0-3A0DC4EE1E82}"
EndProject
Project("{9A19103F-16F7-4668-BE54-9A1E7A4F7556}") = "P01.DatabaseTests", "P01.DatabaseTests\P01.DatabaseTests.csproj", "{AB864937-030B-4627-B2B3-0880A6CF9FC2}"
EndProject
Project("{9A19103F-16F7-4668-BE54-9A1E7A4F7556}") = "P02.ExtendedDatabase", "P02.ExtendedDatabase\P02.ExtendedDatabase.csproj", "{7040543A-FB15-4F4A-A376-5A288FB1944E}"
EndProject
Project("{9A19103F-16F7-4668-BE54-9A1E7A4F7556}") = "P02.ExtendedDatabaseTests", "P02.ExtendedDatabaseTests\P02.ExtendedDatabaseTests.csproj", "{0589242B-1956-4C34-9170-DF4EF9FD0C72}"
EndProject
Project("{9A19103F-16F7-4668-BE54-9A1E7A4F7556}") = "P03.IteratorTest", "P03.IteratorTest\P03.IteratorTest.csproj", "{B4F5A03B-FD54-48EB-A5D4-6CB3B007C9FE}"
EndProject
Project("{9A19103F-16F7-4668-BE54-9A1E7A4F7556}") = "P03.IteratorTestTests", "P03.IteratorTestTests\P03.IteratorTestTests.csproj", "{5E64D0CD-689E-4727-BE92-04B17E3B1FEC}"
EndProject
Global
	GlobalSection(SolutionConfigurationPlatforms) = preSolution
		Debug|Any CPU = Debug|Any CPU
		Release|Any CPU = Release|Any CPU
	EndGlobalSection
	GlobalSection(ProjectConfigurationPlatforms) = postSolution
		{762F1EC4-280F-4184-B0C0-3A0DC4EE1E82}.Debug|Any CPU.ActiveCfg = Debug|Any CPU
		{762F1EC4-280F-4184-B0C0-3A0DC4EE1E82}.Debug|Any CPU.Build.0 = Debug|Any CPU
		{762F1EC4-280F-4184-B0C0-3A0DC4EE1E82}.Release|Any CPU.ActiveCfg = Release|Any CPU
		{762F1EC4-280F-4184-B0C0-3A0DC4EE1E82}.Release|Any CPU.Build.0 = Release|Any CPU
		{AB864937-030B-4627-B2B3-0880A6CF9FC2}.Debug|Any CPU.ActiveCfg = Debug|Any CPU
		{AB864937-030B-4627-B2B3-0880A6CF9FC2}.Debug|Any CPU.Build.0 = Debug|Any CPU
		{AB864937-030B-4627-B2B3-0880A6CF9FC2}.Release|Any CPU.ActiveCfg = Release|Any CPU
		{AB864937-030B-4627-B2B3-0880A6CF9FC2}.Release|Any CPU.Build.0 = Release|Any CPU
		{7040543A-FB15-4F4A-A376-5A288FB1944E}.Debug|Any CPU.ActiveCfg = Debug|Any CPU
		{7040543A-FB15-4F4A-A376-5A288FB1944E}.Debug|Any CPU.Build.0 = Debug|Any CPU
		{7040543A-FB15-4F4A-A376-5A288FB1944E}.Release|Any CPU.ActiveCfg = Release|Any CPU
		{7040543A-FB15-4F4A-A376-5A288FB1944E}.Release|Any CPU.Build.0 = Release|Any CPU
		{0589242B-1956-4C34-9170-DF4EF9FD0C72}.Debug|Any CPU.ActiveCfg = Debug|Any CPU
		{0589242B-1956-4C34-9170-DF4EF9FD0C72}.Debug|Any CPU.Build.0 = Debug|Any CPU
		{0589242B-1956-4C34-9170-DF4EF9FD0C72}.Release|Any CPU.ActiveCfg = Release|Any CPU
		{0589242B-1956-4C34-9170-DF4EF9FD0C72}.Release|Any CPU.Build.0 = Release|Any CPU
		{B4F5A03B-FD54-48EB-A5D4-6CB3B007C9FE}.Debug|Any CPU.ActiveCfg = Debug|Any CPU
		{B4F5A03B-FD54-48EB-A5D4-6CB3B007C9FE}.Debug|Any CPU.Build.0 = Debug|Any CPU
		{B4F5A03B-FD54-48EB-A5D4-6CB3B007C9FE}.Release|Any CPU.ActiveCfg = Release|Any CPU
		{B4F5A03B-FD54-48EB-A5D4-6CB3B007C9FE}.Release|Any CPU.Build.0 = Release|Any CPU
		{5E64D0CD-689E-4727-BE92-04B17E3B1FEC}.Debug|Any CPU.ActiveCfg = Debug|Any CPU
		{5E64D0CD-689E-4727-BE92-04B17E3B1FEC}.Debug|Any CPU.Build.0 = Debug|Any CPU
		{5E64D0CD-689E-4727-BE92-04B17E3B1FEC}.Release|Any CPU.ActiveCfg = Release|Any CPU
		{5E64D0CD-689E-4727-BE92-04B17E3B1FEC}.Release|Any CPU.Build.0 = Release|Any CPU
	EndGlobalSection
	GlobalSection(SolutionProperties) = preSolution
		HideSolutionNode = FALSE
	EndGlobalSection
	GlobalSection(ExtensibilityGlobals) = postSolution
		SolutionGuid = {000632DF-1537-4844-BC1B-4600ED12E461}
	EndGlobalSection
EndGlobal
