
Microsoft Visual Studio Solution File, Format Version 12.00
# Visual Studio 15
VisualStudioVersion = 15.0.27130.2010
MinimumVisualStudioVersion = 10.0.40219.1
Project("{FAE04EC0-301F-11D3-BF4B-00C04F79EFBC}") = "Defining Classes", "Defining Classes\Defining Classes.csproj", "{794092FA-B6B2-4FE0-A77D-96CE96454085}"
EndProject
Global
	GlobalSection(SolutionConfigurationPlatforms) = preSolution
		Debug|Any CPU = Debug|Any CPU
		Release|Any CPU = Release|Any CPU
	EndGlobalSection
	GlobalSection(ProjectConfigurationPlatforms) = postSolution
		{794092FA-B6B2-4FE0-A77D-96CE96454085}.Debug|Any CPU.ActiveCfg = Debug|Any CPU
		{794092FA-B6B2-4FE0-A77D-96CE96454085}.Debug|Any CPU.Build.0 = Debug|Any CPU
		{794092FA-B6B2-4FE0-A77D-96CE96454085}.Release|Any CPU.ActiveCfg = Release|Any CPU
		{794092FA-B6B2-4FE0-A77D-96CE96454085}.Release|Any CPU.Build.0 = Release|Any CPU
	EndGlobalSection
	GlobalSection(SolutionProperties) = preSolution
		HideSolutionNode = FALSE
	EndGlobalSection
	GlobalSection(ExtensibilityGlobals) = postSolution
		SolutionGuid = {9B7129D0-6D6C-47E7-AF64-5F0B0622ABF4}
	EndGlobalSection
EndGlobal
