
Microsoft Visual Studio Solution File, Format Version 12.00
# Visual Studio 15
VisualStudioVersion = 15.0.27428.2005
MinimumVisualStudioVersion = 10.0.40219.1
Project("{FAE04EC0-301F-11D3-BF4B-00C04F79EFBC}") = "Logger", "Logger\Logger.csproj", "{9C0E9B4B-C6E4-44EB-85CB-5B8BCCA16A45}"
EndProject
Global
	GlobalSection(SolutionConfigurationPlatforms) = preSolution
		Debug|Any CPU = Debug|Any CPU
		Release|Any CPU = Release|Any CPU
	EndGlobalSection
	GlobalSection(ProjectConfigurationPlatforms) = postSolution
		{9C0E9B4B-C6E4-44EB-85CB-5B8BCCA16A45}.Debug|Any CPU.ActiveCfg = Debug|Any CPU
		{9C0E9B4B-C6E4-44EB-85CB-5B8BCCA16A45}.Debug|Any CPU.Build.0 = Debug|Any CPU
		{9C0E9B4B-C6E4-44EB-85CB-5B8BCCA16A45}.Release|Any CPU.ActiveCfg = Release|Any CPU
		{9C0E9B4B-C6E4-44EB-85CB-5B8BCCA16A45}.Release|Any CPU.Build.0 = Release|Any CPU
	EndGlobalSection
	GlobalSection(SolutionProperties) = preSolution
		HideSolutionNode = FALSE
	EndGlobalSection
	GlobalSection(ExtensibilityGlobals) = postSolution
		SolutionGuid = {1BE678CB-AF80-4774-9F7B-DD6A4A5D9A22}
	EndGlobalSection
EndGlobal
