
Microsoft Visual Studio Solution File, Format Version 12.00
# Visual Studio 15
VisualStudioVersion = 15.0.27130.2010
MinimumVisualStudioVersion = 10.0.40219.1
Project("{9A19103F-16F7-4668-BE54-9A1E7A4F7556}") = "P01_BillsPaymentSystem.Data", "P01_BillsPaymentSystem\P01_BillsPaymentSystem.Data.csproj", "{2D2B0DA1-8B7B-4E1F-A0BE-84FCA4B5E1F1}"
EndProject
Project("{9A19103F-16F7-4668-BE54-9A1E7A4F7556}") = "P01_BillsPaymentSystem.App", "P01_BillsPaymentSystem.App\P01_BillsPaymentSystem.App.csproj", "{8DEF22CA-1C2A-4C0B-BECB-4D1D2FF0A46C}"
EndProject
Project("{9A19103F-16F7-4668-BE54-9A1E7A4F7556}") = "P01_BillsPaymentSystem.Data.Models", "P01_BillsPaymentSystem.Data.Models\P01_BillsPaymentSystem.Data.Models.csproj", "{2AB3CEA6-F73B-4BFE-8856-6CBBFF0E2334}"
EndProject
Project("{9A19103F-16F7-4668-BE54-9A1E7A4F7556}") = "P03_UserDetails", "P03_UserDetails\P03_UserDetails.csproj", "{594F91A2-2265-4F2B-9AC1-9F78000EF304}"
EndProject
Project("{FAE04EC0-301F-11D3-BF4B-00C04F79EFBC}") = "P04_PayBills", "P04_PayBills\P04_PayBills.csproj", "{F387B49C-1301-4223-B40D-FF8C29984FA9}"
EndProject
Global
	GlobalSection(SolutionConfigurationPlatforms) = preSolution
		Debug|Any CPU = Debug|Any CPU
		Release|Any CPU = Release|Any CPU
	EndGlobalSection
	GlobalSection(ProjectConfigurationPlatforms) = postSolution
		{2D2B0DA1-8B7B-4E1F-A0BE-84FCA4B5E1F1}.Debug|Any CPU.ActiveCfg = Debug|Any CPU
		{2D2B0DA1-8B7B-4E1F-A0BE-84FCA4B5E1F1}.Debug|Any CPU.Build.0 = Debug|Any CPU
		{2D2B0DA1-8B7B-4E1F-A0BE-84FCA4B5E1F1}.Release|Any CPU.ActiveCfg = Release|Any CPU
		{2D2B0DA1-8B7B-4E1F-A0BE-84FCA4B5E1F1}.Release|Any CPU.Build.0 = Release|Any CPU
		{8DEF22CA-1C2A-4C0B-BECB-4D1D2FF0A46C}.Debug|Any CPU.ActiveCfg = Debug|Any CPU
		{8DEF22CA-1C2A-4C0B-BECB-4D1D2FF0A46C}.Debug|Any CPU.Build.0 = Debug|Any CPU
		{8DEF22CA-1C2A-4C0B-BECB-4D1D2FF0A46C}.Release|Any CPU.ActiveCfg = Release|Any CPU
		{8DEF22CA-1C2A-4C0B-BECB-4D1D2FF0A46C}.Release|Any CPU.Build.0 = Release|Any CPU
		{2AB3CEA6-F73B-4BFE-8856-6CBBFF0E2334}.Debug|Any CPU.ActiveCfg = Debug|Any CPU
		{2AB3CEA6-F73B-4BFE-8856-6CBBFF0E2334}.Debug|Any CPU.Build.0 = Debug|Any CPU
		{2AB3CEA6-F73B-4BFE-8856-6CBBFF0E2334}.Release|Any CPU.ActiveCfg = Release|Any CPU
		{2AB3CEA6-F73B-4BFE-8856-6CBBFF0E2334}.Release|Any CPU.Build.0 = Release|Any CPU
		{594F91A2-2265-4F2B-9AC1-9F78000EF304}.Debug|Any CPU.ActiveCfg = Debug|Any CPU
		{594F91A2-2265-4F2B-9AC1-9F78000EF304}.Debug|Any CPU.Build.0 = Debug|Any CPU
		{594F91A2-2265-4F2B-9AC1-9F78000EF304}.Release|Any CPU.ActiveCfg = Release|Any CPU
		{594F91A2-2265-4F2B-9AC1-9F78000EF304}.Release|Any CPU.Build.0 = Release|Any CPU
		{F387B49C-1301-4223-B40D-FF8C29984FA9}.Debug|Any CPU.ActiveCfg = Debug|Any CPU
		{F387B49C-1301-4223-B40D-FF8C29984FA9}.Debug|Any CPU.Build.0 = Debug|Any CPU
		{F387B49C-1301-4223-B40D-FF8C29984FA9}.Release|Any CPU.ActiveCfg = Release|Any CPU
		{F387B49C-1301-4223-B40D-FF8C29984FA9}.Release|Any CPU.Build.0 = Release|Any CPU
	EndGlobalSection
	GlobalSection(SolutionProperties) = preSolution
		HideSolutionNode = FALSE
	EndGlobalSection
	GlobalSection(ExtensibilityGlobals) = postSolution
		SolutionGuid = {7A59DD5E-2681-46D3-B762-C144B28A311F}
	EndGlobalSection
EndGlobal
