
Microsoft Visual Studio Solution File, Format Version 12.00
# Visual Studio 15
VisualStudioVersion = 15.0.28307.136
MinimumVisualStudioVersion = 10.0.40219.1
Project("{FAE04EC0-301F-11D3-BF4B-00C04F79EFBC}") = "01.ReverseNumbersWithAStack", "01.ReverseNumbersWithAStack\01.ReverseNumbersWithAStack.csproj", "{AD00F988-A6C1-417C-9E57-E345E43A898A}"
EndProject
Project("{FAE04EC0-301F-11D3-BF4B-00C04F79EFBC}") = "02.CalculateSequenceWithAQueue", "02.CalculateSequenceWithAQueue\02.CalculateSequenceWithAQueue.csproj", "{27CD0D35-E126-435B-9440-3770AC3E5512}"
EndProject
Project("{FAE04EC0-301F-11D3-BF4B-00C04F79EFBC}") = "03.ArrayBasedStack", "03.ArrayBasedStack\03.ArrayBasedStack.csproj", "{1511273A-8FDC-42EF-9F27-F4D689A9CA92}"
EndProject
Project("{FAE04EC0-301F-11D3-BF4B-00C04F79EFBC}") = "04.LinkedStack", "04.LinkedStack\04.LinkedStack.csproj", "{00EF683A-1A23-4215-A38D-14324ABD263B}"
EndProject
Project("{FAE04EC0-301F-11D3-BF4B-00C04F79EFBC}") = "05.LinkedQueue", "05.LinkedQueue\05.LinkedQueue.csproj", "{C5DC4DF0-562F-4825-819C-73EF495DF7ED}"
EndProject
Global
	GlobalSection(SolutionConfigurationPlatforms) = preSolution
		Debug|Any CPU = Debug|Any CPU
		Release|Any CPU = Release|Any CPU
	EndGlobalSection
	GlobalSection(ProjectConfigurationPlatforms) = postSolution
		{AD00F988-A6C1-417C-9E57-E345E43A898A}.Debug|Any CPU.ActiveCfg = Debug|Any CPU
		{AD00F988-A6C1-417C-9E57-E345E43A898A}.Debug|Any CPU.Build.0 = Debug|Any CPU
		{AD00F988-A6C1-417C-9E57-E345E43A898A}.Release|Any CPU.ActiveCfg = Release|Any CPU
		{AD00F988-A6C1-417C-9E57-E345E43A898A}.Release|Any CPU.Build.0 = Release|Any CPU
		{27CD0D35-E126-435B-9440-3770AC3E5512}.Debug|Any CPU.ActiveCfg = Debug|Any CPU
		{27CD0D35-E126-435B-9440-3770AC3E5512}.Debug|Any CPU.Build.0 = Debug|Any CPU
		{27CD0D35-E126-435B-9440-3770AC3E5512}.Release|Any CPU.ActiveCfg = Release|Any CPU
		{27CD0D35-E126-435B-9440-3770AC3E5512}.Release|Any CPU.Build.0 = Release|Any CPU
		{1511273A-8FDC-42EF-9F27-F4D689A9CA92}.Debug|Any CPU.ActiveCfg = Debug|Any CPU
		{1511273A-8FDC-42EF-9F27-F4D689A9CA92}.Debug|Any CPU.Build.0 = Debug|Any CPU
		{1511273A-8FDC-42EF-9F27-F4D689A9CA92}.Release|Any CPU.ActiveCfg = Release|Any CPU
		{1511273A-8FDC-42EF-9F27-F4D689A9CA92}.Release|Any CPU.Build.0 = Release|Any CPU
		{00EF683A-1A23-4215-A38D-14324ABD263B}.Debug|Any CPU.ActiveCfg = Debug|Any CPU
		{00EF683A-1A23-4215-A38D-14324ABD263B}.Debug|Any CPU.Build.0 = Debug|Any CPU
		{00EF683A-1A23-4215-A38D-14324ABD263B}.Release|Any CPU.ActiveCfg = Release|Any CPU
		{00EF683A-1A23-4215-A38D-14324ABD263B}.Release|Any CPU.Build.0 = Release|Any CPU
		{C5DC4DF0-562F-4825-819C-73EF495DF7ED}.Debug|Any CPU.ActiveCfg = Debug|Any CPU
		{C5DC4DF0-562F-4825-819C-73EF495DF7ED}.Debug|Any CPU.Build.0 = Debug|Any CPU
		{C5DC4DF0-562F-4825-819C-73EF495DF7ED}.Release|Any CPU.ActiveCfg = Release|Any CPU
		{C5DC4DF0-562F-4825-819C-73EF495DF7ED}.Release|Any CPU.Build.0 = Release|Any CPU
	EndGlobalSection
	GlobalSection(SolutionProperties) = preSolution
		HideSolutionNode = FALSE
	EndGlobalSection
	GlobalSection(ExtensibilityGlobals) = postSolution
		SolutionGuid = {D76C67AE-C42C-45CC-9E9F-C31BD12F4D70}
	EndGlobalSection
EndGlobal
